// !$*UTF8*$!
{
	archiveVersion = 1;
	classes = {
	};
	objectVersion = 56;
	objects = {

/* Begin PBXBuildFile section */
		8BDAC6322B887E1700C15EAD /* UIScreen+Extensions.swift in Sources */ = {isa = PBXBuildFile; fileRef = 8BDAC6312B887E1700C15EAD /* UIScreen+Extensions.swift */; };
		8BDAC6342B888ABC00C15EAD /* HomeView.swift in Sources */ = {isa = PBXBuildFile; fileRef = 8BDAC6332B888ABC00C15EAD /* HomeView.swift */; };
		8BDAC6362B888BBD00C15EAD /* SettingView.swift in Sources */ = {isa = PBXBuildFile; fileRef = 8BDAC6352B888BBD00C15EAD /* SettingView.swift */; };
		8BDAC6382B888BD200C15EAD /* DebugView.swift in Sources */ = {isa = PBXBuildFile; fileRef = 8BDAC6372B888BD200C15EAD /* DebugView.swift */; };
		8BDAC63A2B88A50000C15EAD /* SplashView.swift in Sources */ = {isa = PBXBuildFile; fileRef = 8BDAC6392B88A50000C15EAD /* SplashView.swift */; };
		A209B4B02B870020002859D2 /* CustomNavigationLink.swift in Sources */ = {isa = PBXBuildFile; fileRef = A209B4A92B870020002859D2 /* CustomNavigationLink.swift */; };
		A209B4B12B870020002859D2 /* CustomNavigationBarStyle.swift in Sources */ = {isa = PBXBuildFile; fileRef = A209B4AA2B870020002859D2 /* CustomNavigationBarStyle.swift */; };
		A209B4B22B870020002859D2 /* CustomNavigationView.swift in Sources */ = {isa = PBXBuildFile; fileRef = A209B4AB2B870020002859D2 /* CustomNavigationView.swift */; };
		A209B4B32B870020002859D2 /* CustomNavigationBarView.swift in Sources */ = {isa = PBXBuildFile; fileRef = A209B4AC2B870020002859D2 /* CustomNavigationBarView.swift */; };
		A209B4B42B870020002859D2 /* CustomNavigationBarContainerView.swift in Sources */ = {isa = PBXBuildFile; fileRef = A209B4AD2B870020002859D2 /* CustomNavigationBarContainerView.swift */; };
		A209B4B52B870020002859D2 /* CustomNavigationBarPreferenceKey.swift in Sources */ = {isa = PBXBuildFile; fileRef = A209B4AE2B870020002859D2 /* CustomNavigationBarPreferenceKey.swift */; };
		A209B4B62B870020002859D2 /* EquatableView.swift in Sources */ = {isa = PBXBuildFile; fileRef = A209B4AF2B870020002859D2 /* EquatableView.swift */; };
		A209B4B92B8707C8002859D2 /* Theme.swift in Sources */ = {isa = PBXBuildFile; fileRef = A209B4B82B8707C8002859D2 /* Theme.swift */; };
		A2164F7E2B8735E300A019EE /* Color+Extensions.swift in Sources */ = {isa = PBXBuildFile; fileRef = A2164F7D2B8735E300A019EE /* Color+Extensions.swift */; };
		A227899D2B883CF7009EC4CB /* MainTabBarView.swift in Sources */ = {isa = PBXBuildFile; fileRef = A227899C2B883CF7009EC4CB /* MainTabBarView.swift */; };
		A254AB812B84B74800FB7988 /* CiXOApplicationApp.swift in Sources */ = {isa = PBXBuildFile; fileRef = A254AB802B84B74800FB7988 /* CiXOApplicationApp.swift */; };
		A254AB832B84B74800FB7988 /* ContentView.swift in Sources */ = {isa = PBXBuildFile; fileRef = A254AB822B84B74800FB7988 /* ContentView.swift */; };
		A254AB852B84B74A00FB7988 /* Assets.xcassets in Resources */ = {isa = PBXBuildFile; fileRef = A254AB842B84B74A00FB7988 /* Assets.xcassets */; };
		A254AB882B84B74A00FB7988 /* Preview Assets.xcassets in Resources */ = {isa = PBXBuildFile; fileRef = A254AB872B84B74A00FB7988 /* Preview Assets.xcassets */; };
/* End PBXBuildFile section */

/* Begin PBXFileReference section */
		8BDAC6312B887E1700C15EAD /* UIScreen+Extensions.swift */ = {isa = PBXFileReference; lastKnownFileType = sourcecode.swift; path = "UIScreen+Extensions.swift"; sourceTree = "<group>"; };
		8BDAC6332B888ABC00C15EAD /* HomeView.swift */ = {isa = PBXFileReference; lastKnownFileType = sourcecode.swift; path = HomeView.swift; sourceTree = "<group>"; };
		8BDAC6352B888BBD00C15EAD /* SettingView.swift */ = {isa = PBXFileReference; lastKnownFileType = sourcecode.swift; path = SettingView.swift; sourceTree = "<group>"; };
		8BDAC6372B888BD200C15EAD /* DebugView.swift */ = {isa = PBXFileReference; lastKnownFileType = sourcecode.swift; path = DebugView.swift; sourceTree = "<group>"; };
		8BDAC6392B88A50000C15EAD /* SplashView.swift */ = {isa = PBXFileReference; lastKnownFileType = sourcecode.swift; path = SplashView.swift; sourceTree = "<group>"; };
		A209B4A92B870020002859D2 /* CustomNavigationLink.swift */ = {isa = PBXFileReference; fileEncoding = 4; lastKnownFileType = sourcecode.swift; path = CustomNavigationLink.swift; sourceTree = "<group>"; };
		A209B4AA2B870020002859D2 /* CustomNavigationBarStyle.swift */ = {isa = PBXFileReference; fileEncoding = 4; lastKnownFileType = sourcecode.swift; path = CustomNavigationBarStyle.swift; sourceTree = "<group>"; };
		A209B4AB2B870020002859D2 /* CustomNavigationView.swift */ = {isa = PBXFileReference; fileEncoding = 4; lastKnownFileType = sourcecode.swift; path = CustomNavigationView.swift; sourceTree = "<group>"; };
		A209B4AC2B870020002859D2 /* CustomNavigationBarView.swift */ = {isa = PBXFileReference; fileEncoding = 4; lastKnownFileType = sourcecode.swift; path = CustomNavigationBarView.swift; sourceTree = "<group>"; };
		A209B4AD2B870020002859D2 /* CustomNavigationBarContainerView.swift */ = {isa = PBXFileReference; fileEncoding = 4; lastKnownFileType = sourcecode.swift; path = CustomNavigationBarContainerView.swift; sourceTree = "<group>"; };
		A209B4AE2B870020002859D2 /* CustomNavigationBarPreferenceKey.swift */ = {isa = PBXFileReference; fileEncoding = 4; lastKnownFileType = sourcecode.swift; path = CustomNavigationBarPreferenceKey.swift; sourceTree = "<group>"; };
		A209B4AF2B870020002859D2 /* EquatableView.swift */ = {isa = PBXFileReference; fileEncoding = 4; lastKnownFileType = sourcecode.swift; path = EquatableView.swift; sourceTree = "<group>"; };
		A209B4B82B8707C8002859D2 /* Theme.swift */ = {isa = PBXFileReference; lastKnownFileType = sourcecode.swift; path = Theme.swift; sourceTree = "<group>"; };
		A2164F7D2B8735E300A019EE /* Color+Extensions.swift */ = {isa = PBXFileReference; lastKnownFileType = sourcecode.swift; path = "Color+Extensions.swift"; sourceTree = "<group>"; };
		A227899C2B883CF7009EC4CB /* MainTabBarView.swift */ = {isa = PBXFileReference; lastKnownFileType = sourcecode.swift; path = MainTabBarView.swift; sourceTree = "<group>"; };
		A254AB7D2B84B74800FB7988 /* CiXOApplication.app */ = {isa = PBXFileReference; explicitFileType = wrapper.application; includeInIndex = 0; path = CiXOApplication.app; sourceTree = BUILT_PRODUCTS_DIR; };
		A254AB802B84B74800FB7988 /* CiXOApplicationApp.swift */ = {isa = PBXFileReference; lastKnownFileType = sourcecode.swift; path = CiXOApplicationApp.swift; sourceTree = "<group>"; };
		A254AB822B84B74800FB7988 /* ContentView.swift */ = {isa = PBXFileReference; lastKnownFileType = sourcecode.swift; path = ContentView.swift; sourceTree = "<group>"; };
		A254AB842B84B74A00FB7988 /* Assets.xcassets */ = {isa = PBXFileReference; lastKnownFileType = folder.assetcatalog; path = Assets.xcassets; sourceTree = "<group>"; };
		A254AB872B84B74A00FB7988 /* Preview Assets.xcassets */ = {isa = PBXFileReference; lastKnownFileType = folder.assetcatalog; path = "Preview Assets.xcassets"; sourceTree = "<group>"; };
/* End PBXFileReference section */

/* Begin PBXFrameworksBuildPhase section */
		A254AB7A2B84B74800FB7988 /* Frameworks */ = {
			isa = PBXFrameworksBuildPhase;
			buildActionMask = 2147483647;
			files = (
			);
			runOnlyForDeploymentPostprocessing = 0;
		};
/* End PBXFrameworksBuildPhase section */

/* Begin PBXGroup section */
		A209B4A32B86FA01002859D2 /* Presentation */ = {
			isa = PBXGroup;
			children = (
				A2164F7C2B8735AD00A019EE /* Extensions */,
				A209B4B72B8707A8002859D2 /* Theme */,
				A209B4A72B86FA73002859D2 /* Components */,
				A209B4A62B86FA6A002859D2 /* Screens */,
			);
			path = Presentation;
			sourceTree = "<group>";
		};
		A209B4A42B86FA12002859D2 /* Domain */ = {
			isa = PBXGroup;
			children = (
			);
			path = Domain;
			sourceTree = "<group>";
		};
		A209B4A52B86FA46002859D2 /* Application */ = {
			isa = PBXGroup;
			children = (
				A254AB802B84B74800FB7988 /* CiXOApplicationApp.swift */,
				A254AB822B84B74800FB7988 /* ContentView.swift */,
			);
			path = Application;
			sourceTree = "<group>";
		};
		A209B4A62B86FA6A002859D2 /* Screens */ = {
			isa = PBXGroup;
			children = (
				A227899C2B883CF7009EC4CB /* MainTabBarView.swift */,
				8BDAC6332B888ABC00C15EAD /* HomeView.swift */,
				8BDAC6352B888BBD00C15EAD /* SettingView.swift */,
				8BDAC6372B888BD200C15EAD /* DebugView.swift */,
				8BDAC6392B88A50000C15EAD /* SplashView.swift */,
			);
			path = Screens;
			sourceTree = "<group>";
		};
		A209B4A72B86FA73002859D2 /* Components */ = {
			isa = PBXGroup;
			children = (
				A209B4A82B870020002859D2 /* CustomNavigationView */,
			);
			path = Components;
			sourceTree = "<group>";
		};
		A209B4A82B870020002859D2 /* CustomNavigationView */ = {
			isa = PBXGroup;
			children = (
				A209B4A92B870020002859D2 /* CustomNavigationLink.swift */,
				A209B4AA2B870020002859D2 /* CustomNavigationBarStyle.swift */,
				A209B4AB2B870020002859D2 /* CustomNavigationView.swift */,
				A209B4AC2B870020002859D2 /* CustomNavigationBarView.swift */,
				A209B4AD2B870020002859D2 /* CustomNavigationBarContainerView.swift */,
				A209B4AE2B870020002859D2 /* CustomNavigationBarPreferenceKey.swift */,
				A209B4AF2B870020002859D2 /* EquatableView.swift */,
			);
			path = CustomNavigationView;
			sourceTree = "<group>";
		};
		A209B4B72B8707A8002859D2 /* Theme */ = {
			isa = PBXGroup;
			children = (
				A209B4B82B8707C8002859D2 /* Theme.swift */,
			);
			path = Theme;
			sourceTree = "<group>";
		};
		A2164F7C2B8735AD00A019EE /* Extensions */ = {
			isa = PBXGroup;
			children = (
				A2164F7D2B8735E300A019EE /* Color+Extensions.swift */,
				8BDAC6312B887E1700C15EAD /* UIScreen+Extensions.swift */,
			);
			path = Extensions;
			sourceTree = "<group>";
		};
		A2164F7F2B873D5000A019EE /* Resource */ = {
			isa = PBXGroup;
			children = (
				A254AB842B84B74A00FB7988 /* Assets.xcassets */,
			);
			path = Resource;
			sourceTree = "<group>";
		};
		A254AB742B84B74700FB7988 = {
			isa = PBXGroup;
			children = (
				A254AB7F2B84B74800FB7988 /* CiXOApplication */,
				A254AB7E2B84B74800FB7988 /* Products */,
			);
			sourceTree = "<group>";
		};
		A254AB7E2B84B74800FB7988 /* Products */ = {
			isa = PBXGroup;
			children = (
				A254AB7D2B84B74800FB7988 /* CiXOApplication.app */,
			);
			name = Products;
			sourceTree = "<group>";
		};
		A254AB7F2B84B74800FB7988 /* CiXOApplication */ = {
			isa = PBXGroup;
			children = (
				A2164F7F2B873D5000A019EE /* Resource */,
				A209B4A52B86FA46002859D2 /* Application */,
				A209B4A42B86FA12002859D2 /* Domain */,
				A209B4A32B86FA01002859D2 /* Presentation */,
				A254AB862B84B74A00FB7988 /* Preview Content */,
			);
			path = CiXOApplication;
			sourceTree = "<group>";
		};
		A254AB862B84B74A00FB7988 /* Preview Content */ = {
			isa = PBXGroup;
			children = (
				A254AB872B84B74A00FB7988 /* Preview Assets.xcassets */,
			);
			path = "Preview Content";
			sourceTree = "<group>";
		};
/* End PBXGroup section */

/* Begin PBXNativeTarget section */
		A254AB7C2B84B74800FB7988 /* CiXOApplication */ = {
			isa = PBXNativeTarget;
			buildConfigurationList = A254AB8B2B84B74A00FB7988 /* Build configuration list for PBXNativeTarget "CiXOApplication" */;
			buildPhases = (
				A254AB792B84B74800FB7988 /* Sources */,
				A254AB7A2B84B74800FB7988 /* Frameworks */,
				A254AB7B2B84B74800FB7988 /* Resources */,
			);
			buildRules = (
			);
			dependencies = (
			);
			name = CiXOApplication;
			productName = CiXOApplication;
			productReference = A254AB7D2B84B74800FB7988 /* CiXOApplication.app */;
			productType = "com.apple.product-type.application";
		};
/* End PBXNativeTarget section */

/* Begin PBXProject section */
		A254AB752B84B74700FB7988 /* Project object */ = {
			isa = PBXProject;
			attributes = {
				BuildIndependentTargetsInParallel = 1;
				LastSwiftUpdateCheck = 1500;
				LastUpgradeCheck = 1500;
				TargetAttributes = {
					A254AB7C2B84B74800FB7988 = {
						CreatedOnToolsVersion = 15.0;
					};
				};
			};
			buildConfigurationList = A254AB782B84B74700FB7988 /* Build configuration list for PBXProject "CiXOApplication" */;
			compatibilityVersion = "Xcode 14.0";
			developmentRegion = en;
			hasScannedForEncodings = 0;
			knownRegions = (
				en,
				Base,
			);
			mainGroup = A254AB742B84B74700FB7988;
			productRefGroup = A254AB7E2B84B74800FB7988 /* Products */;
			projectDirPath = "";
			projectRoot = "";
			targets = (
				A254AB7C2B84B74800FB7988 /* CiXOApplication */,
			);
		};
/* End PBXProject section */

/* Begin PBXResourcesBuildPhase section */
		A254AB7B2B84B74800FB7988 /* Resources */ = {
			isa = PBXResourcesBuildPhase;
			buildActionMask = 2147483647;
			files = (
				A254AB882B84B74A00FB7988 /* Preview Assets.xcassets in Resources */,
				A254AB852B84B74A00FB7988 /* Assets.xcassets in Resources */,
			);
			runOnlyForDeploymentPostprocessing = 0;
		};
/* End PBXResourcesBuildPhase section */

/* Begin PBXSourcesBuildPhase section */
		A254AB792B84B74800FB7988 /* Sources */ = {
			isa = PBXSourcesBuildPhase;
			buildActionMask = 2147483647;
			files = (
				A254AB832B84B74800FB7988 /* ContentView.swift in Sources */,
				8BDAC6342B888ABC00C15EAD /* HomeView.swift in Sources */,
				8BDAC63A2B88A50000C15EAD /* SplashView.swift in Sources */,
				A209B4B52B870020002859D2 /* CustomNavigationBarPreferenceKey.swift in Sources */,
				A254AB812B84B74800FB7988 /* CiXOApplicationApp.swift in Sources */,
				A209B4B42B870020002859D2 /* CustomNavigationBarContainerView.swift in Sources */,
				A209B4B22B870020002859D2 /* CustomNavigationView.swift in Sources */,
				8BDAC6362B888BBD00C15EAD /* SettingView.swift in Sources */,
				A209B4B12B870020002859D2 /* CustomNavigationBarStyle.swift in Sources */,
				A209B4B02B870020002859D2 /* CustomNavigationLink.swift in Sources */,
				A227899D2B883CF7009EC4CB /* MainTabBarView.swift in Sources */,
				A209B4B92B8707C8002859D2 /* Theme.swift in Sources */,
				8BDAC6322B887E1700C15EAD /* UIScreen+Extensions.swift in Sources */,
				8BDAC6382B888BD200C15EAD /* DebugView.swift in Sources */,
				A209B4B32B870020002859D2 /* CustomNavigationBarView.swift in Sources */,
				A2164F7E2B8735E300A019EE /* Color+Extensions.swift in Sources */,
				A209B4B62B870020002859D2 /* EquatableView.swift in Sources */,
			);
			runOnlyForDeploymentPostprocessing = 0;
		};
/* End PBXSourcesBuildPhase section */

/* Begin XCBuildConfiguration section */
		A254AB892B84B74A00FB7988 /* Debug */ = {
			isa = XCBuildConfiguration;
			buildSettings = {
				ALWAYS_SEARCH_USER_PATHS = NO;
				ASSETCATALOG_COMPILER_GENERATE_SWIFT_ASSET_SYMBOL_EXTENSIONS = YES;
				CLANG_ANALYZER_NONNULL = YES;
				CLANG_ANALYZER_NUMBER_OBJECT_CONVERSION = YES_AGGRESSIVE;
				CLANG_CXX_LANGUAGE_STANDARD = "gnu++20";
				CLANG_ENABLE_MODULES = YES;
				CLANG_ENABLE_OBJC_ARC = YES;
				CLANG_ENABLE_OBJC_WEAK = YES;
				CLANG_WARN_BLOCK_CAPTURE_AUTORELEASING = YES;
				CLANG_WARN_BOOL_CONVERSION = YES;
				CLANG_WARN_COMMA = YES;
				CLANG_WARN_CONSTANT_CONVERSION = YES;
				CLANG_WARN_DEPRECATED_OBJC_IMPLEMENTATIONS = YES;
				CLANG_WARN_DIRECT_OBJC_ISA_USAGE = YES_ERROR;
				CLANG_WARN_DOCUMENTATION_COMMENTS = YES;
				CLANG_WARN_EMPTY_BODY = YES;
				CLANG_WARN_ENUM_CONVERSION = YES;
				CLANG_WARN_INFINITE_RECURSION = YES;
				CLANG_WARN_INT_CONVERSION = YES;
				CLANG_WARN_NON_LITERAL_NULL_CONVERSION = YES;
				CLANG_WARN_OBJC_IMPLICIT_RETAIN_SELF = YES;
				CLANG_WARN_OBJC_LITERAL_CONVERSION = YES;
				CLANG_WARN_OBJC_ROOT_CLASS = YES_ERROR;
				CLANG_WARN_QUOTED_INCLUDE_IN_FRAMEWORK_HEADER = YES;
				CLANG_WARN_RANGE_LOOP_ANALYSIS = YES;
				CLANG_WARN_STRICT_PROTOTYPES = YES;
				CLANG_WARN_SUSPICIOUS_MOVE = YES;
				CLANG_WARN_UNGUARDED_AVAILABILITY = YES_AGGRESSIVE;
				CLANG_WARN_UNREACHABLE_CODE = YES;
				CLANG_WARN__DUPLICATE_METHOD_MATCH = YES;
				COPY_PHASE_STRIP = NO;
				DEBUG_INFORMATION_FORMAT = dwarf;
				ENABLE_STRICT_OBJC_MSGSEND = YES;
				ENABLE_TESTABILITY = YES;
				ENABLE_USER_SCRIPT_SANDBOXING = YES;
				GCC_C_LANGUAGE_STANDARD = gnu17;
				GCC_DYNAMIC_NO_PIC = NO;
				GCC_NO_COMMON_BLOCKS = YES;
				GCC_OPTIMIZATION_LEVEL = 0;
				GCC_PREPROCESSOR_DEFINITIONS = (
					"DEBUG=1",
					"$(inherited)",
				);
				GCC_WARN_64_TO_32_BIT_CONVERSION = YES;
				GCC_WARN_ABOUT_RETURN_TYPE = YES_ERROR;
				GCC_WARN_UNDECLARED_SELECTOR = YES;
				GCC_WARN_UNINITIALIZED_AUTOS = YES_AGGRESSIVE;
				GCC_WARN_UNUSED_FUNCTION = YES;
				GCC_WARN_UNUSED_VARIABLE = YES;
				IPHONEOS_DEPLOYMENT_TARGET = 17.0;
				LOCALIZATION_PREFERS_STRING_CATALOGS = YES;
				MTL_ENABLE_DEBUG_INFO = INCLUDE_SOURCE;
				MTL_FAST_MATH = YES;
				ONLY_ACTIVE_ARCH = YES;
				SDKROOT = iphoneos;
				SWIFT_ACTIVE_COMPILATION_CONDITIONS = "DEBUG $(inherited)";
				SWIFT_OPTIMIZATION_LEVEL = "-Onone";
			};
			name = Debug;
		};
		A254AB8A2B84B74A00FB7988 /* Release */ = {
			isa = XCBuildConfiguration;
			buildSettings = {
				ALWAYS_SEARCH_USER_PATHS = NO;
				ASSETCATALOG_COMPILER_GENERATE_SWIFT_ASSET_SYMBOL_EXTENSIONS = YES;
				CLANG_ANALYZER_NONNULL = YES;
				CLANG_ANALYZER_NUMBER_OBJECT_CONVERSION = YES_AGGRESSIVE;
				CLANG_CXX_LANGUAGE_STANDARD = "gnu++20";
				CLANG_ENABLE_MODULES = YES;
				CLANG_ENABLE_OBJC_ARC = YES;
				CLANG_ENABLE_OBJC_WEAK = YES;
				CLANG_WARN_BLOCK_CAPTURE_AUTORELEASING = YES;
				CLANG_WARN_BOOL_CONVERSION = YES;
				CLANG_WARN_COMMA = YES;
				CLANG_WARN_CONSTANT_CONVERSION = YES;
				CLANG_WARN_DEPRECATED_OBJC_IMPLEMENTATIONS = YES;
				CLANG_WARN_DIRECT_OBJC_ISA_USAGE = YES_ERROR;
				CLANG_WARN_DOCUMENTATION_COMMENTS = YES;
				CLANG_WARN_EMPTY_BODY = YES;
				CLANG_WARN_ENUM_CONVERSION = YES;
				CLANG_WARN_INFINITE_RECURSION = YES;
				CLANG_WARN_INT_CONVERSION = YES;
				CLANG_WARN_NON_LITERAL_NULL_CONVERSION = YES;
				CLANG_WARN_OBJC_IMPLICIT_RETAIN_SELF = YES;
				CLANG_WARN_OBJC_LITERAL_CONVERSION = YES;
				CLANG_WARN_OBJC_ROOT_CLASS = YES_ERROR;
				CLANG_WARN_QUOTED_INCLUDE_IN_FRAMEWORK_HEADER = YES;
				CLANG_WARN_RANGE_LOOP_ANALYSIS = YES;
				CLANG_WARN_STRICT_PROTOTYPES = YES;
				CLANG_WARN_SUSPICIOUS_MOVE = YES;
				CLANG_WARN_UNGUARDED_AVAILABILITY = YES_AGGRESSIVE;
				CLANG_WARN_UNREACHABLE_CODE = YES;
				CLANG_WARN__DUPLICATE_METHOD_MATCH = YES;
				COPY_PHASE_STRIP = NO;
				DEBUG_INFORMATION_FORMAT = "dwarf-with-dsym";
				ENABLE_NS_ASSERTIONS = NO;
				ENABLE_STRICT_OBJC_MSGSEND = YES;
				ENABLE_USER_SCRIPT_SANDBOXING = YES;
				GCC_C_LANGUAGE_STANDARD = gnu17;
				GCC_NO_COMMON_BLOCKS = YES;
				GCC_WARN_64_TO_32_BIT_CONVERSION = YES;
				GCC_WARN_ABOUT_RETURN_TYPE = YES_ERROR;
				GCC_WARN_UNDECLARED_SELECTOR = YES;
				GCC_WARN_UNINITIALIZED_AUTOS = YES_AGGRESSIVE;
				GCC_WARN_UNUSED_FUNCTION = YES;
				GCC_WARN_UNUSED_VARIABLE = YES;
				IPHONEOS_DEPLOYMENT_TARGET = 17.0;
				LOCALIZATION_PREFERS_STRING_CATALOGS = YES;
				MTL_ENABLE_DEBUG_INFO = NO;
				MTL_FAST_MATH = YES;
				SDKROOT = iphoneos;
				SWIFT_COMPILATION_MODE = wholemodule;
				VALIDATE_PRODUCT = YES;
			};
			name = Release;
		};
		A254AB8C2B84B74A00FB7988 /* Debug */ = {
			isa = XCBuildConfiguration;
			buildSettings = {
				ASSETCATALOG_COMPILER_APPICON_NAME = AppIcon;
				ASSETCATALOG_COMPILER_GLOBAL_ACCENT_COLOR_NAME = AccentColor;
				CODE_SIGN_STYLE = Automatic;
				CURRENT_PROJECT_VERSION = 1;
				DEVELOPMENT_ASSET_PATHS = "\"CiXOApplication/Preview Content\"";
				DEVELOPMENT_TEAM = 95XVN448CF;
				ENABLE_PREVIEWS = YES;
				GENERATE_INFOPLIST_FILE = YES;
				INFOPLIST_KEY_UIApplicationSceneManifest_Generation = YES;
				INFOPLIST_KEY_UIApplicationSupportsIndirectInputEvents = YES;
				INFOPLIST_KEY_UILaunchScreen_Generation = YES;
				INFOPLIST_KEY_UISupportedInterfaceOrientations_iPad = "UIInterfaceOrientationPortrait UIInterfaceOrientationPortraitUpsideDown UIInterfaceOrientationLandscapeLeft UIInterfaceOrientationLandscapeRight";
				INFOPLIST_KEY_UISupportedInterfaceOrientations_iPhone = "UIInterfaceOrientationPortrait UIInterfaceOrientationLandscapeLeft UIInterfaceOrientationLandscapeRight";
				IPHONEOS_DEPLOYMENT_TARGET = 15.0;
				LD_RUNPATH_SEARCH_PATHS = (
					"$(inherited)",
					"@executable_path/Frameworks",
				);
				MARKETING_VERSION = 1.0;
				PRODUCT_BUNDLE_IDENTIFIER = com.thiencodev.CiXOApplication;
				PRODUCT_NAME = "$(TARGET_NAME)";
				SWIFT_EMIT_LOC_STRINGS = YES;
				SWIFT_VERSION = 5.0;
				TARGETED_DEVICE_FAMILY = "1,2";
			};
			name = Debug;
		};
		A254AB8D2B84B74A00FB7988 /* Release */ = {
			isa = XCBuildConfiguration;
			buildSettings = {
				ASSETCATALOG_COMPILER_APPICON_NAME = AppIcon;
				ASSETCATALOG_COMPILER_GLOBAL_ACCENT_COLOR_NAME = AccentColor;
				CODE_SIGN_STYLE = Automatic;
				CURRENT_PROJECT_VERSION = 1;
				DEVELOPMENT_ASSET_PATHS = "\"CiXOApplication/Preview Content\"";
				DEVELOPMENT_TEAM = 95XVN448CF;
				ENABLE_PREVIEWS = YES;
				GENERATE_INFOPLIST_FILE = YES;
				INFOPLIST_KEY_UIApplicationSceneManifest_Generation = YES;
				INFOPLIST_KEY_UIApplicationSupportsIndirectInputEvents = YES;
				INFOPLIST_KEY_UILaunchScreen_Generation = YES;
				INFOPLIST_KEY_UISupportedInterfaceOrientations_iPad = "UIInterfaceOrientationPortrait UIInterfaceOrientationPortraitUpsideDown UIInterfaceOrientationLandscapeLeft UIInterfaceOrientationLandscapeRight";
				INFOPLIST_KEY_UISupportedInterfaceOrientations_iPhone = "UIInterfaceOrientationPortrait UIInterfaceOrientationLandscapeLeft UIInterfaceOrientationLandscapeRight";
				IPHONEOS_DEPLOYMENT_TARGET = 15.0;
				LD_RUNPATH_SEARCH_PATHS = (
					"$(inherited)",
					"@executable_path/Frameworks",
				);
				MARKETING_VERSION = 1.0;
				PRODUCT_BUNDLE_IDENTIFIER = com.thiencodev.CiXOApplication;
				PRODUCT_NAME = "$(TARGET_NAME)";
				SWIFT_EMIT_LOC_STRINGS = YES;
				SWIFT_VERSION = 5.0;
				TARGETED_DEVICE_FAMILY = "1,2";
			};
			name = Release;
		};
/* End XCBuildConfiguration section */

/* Begin XCConfigurationList section */
		A254AB782B84B74700FB7988 /* Build configuration list for PBXProject "CiXOApplication" */ = {
			isa = XCConfigurationList;
			buildConfigurations = (
				A254AB892B84B74A00FB7988 /* Debug */,
				A254AB8A2B84B74A00FB7988 /* Release */,
			);
			defaultConfigurationIsVisible = 0;
			defaultConfigurationName = Release;
		};
		A254AB8B2B84B74A00FB7988 /* Build configuration list for PBXNativeTarget "CiXOApplication" */ = {
			isa = XCConfigurationList;
			buildConfigurations = (
				A254AB8C2B84B74A00FB7988 /* Debug */,
				A254AB8D2B84B74A00FB7988 /* Release */,
			);
			defaultConfigurationIsVisible = 0;
			defaultConfigurationName = Release;
		};
/* End XCConfigurationList section */
	};
	rootObject = A254AB752B84B74700FB7988 /* Project object */;
}
